{
    "_readme": [
        "This file locks the dependencies of your project to a known state",
        "Read more about it at http://getcomposer.org/doc/01-basic-usage.md#composer-lock-the-lock-file",
        "This file is @generated automatically"
    ],
    "hash": "68ba08c44fc5b5a076db4a3f99513dea",
    "packages": [
        {
            "name": "clippings/currency-convert",
            "version": "0.1",
            "source": {
                "type": "git",
                "url": "https://github.com/clippings/currency-convert.git",
                "reference": "64251f77c3a6c0f52cdda171ea0644b0c7cb9f71"
            },
            "dist": {
                "type": "zip",
                "url": "https://api.github.com/repos/clippings/currency-convert/zipball/64251f77c3a6c0f52cdda171ea0644b0c7cb9f71",
                "reference": "64251f77c3a6c0f52cdda171ea0644b0c7cb9f71",
                "shasum": ""
            },
            "require": {
                "clippings/psr-cache": "~0.1",
                "sebastian/money": "~1.3"
            },
            "type": "library",
            "autoload": {
                "psr-4": {
                    "CL\\CurrencyConvert\\": "src/"
                }
            },
            "notification-url": "https://packagist.org/downloads/",
            "license": [
                "BSD-3-Clause"
            ],
            "authors": [
                {
                    "name": "Ivan Kerin",
                    "email": "ikerin@gmail.com",
                    "homepage": "http://www.openbuildings.com",
                    "role": "Author"
                }
            ],
            "description": "Currency Conversion for the Money package",
            "time": "2014-06-10 11:57:09"
        },
        {
            "name": "clippings/psr-cache",
            "version": "0.1",
            "source": {
                "type": "git",
                "url": "https://github.com/clippings/psr-cache.git",
                "reference": "1049d949f4408e9fc928ec7d1af1ec207e219d66"
            },
            "dist": {
                "type": "zip",
                "url": "https://api.github.com/repos/clippings/psr-cache/zipball/1049d949f4408e9fc928ec7d1af1ec207e219d66",
                "reference": "1049d949f4408e9fc928ec7d1af1ec207e219d66",
                "shasum": ""
            },
            "type": "library",
            "autoload": {
                "psr-4": {
                    "CL\\PsrCache\\": "src/"
                }
            },
            "notification-url": "https://packagist.org/downloads/",
            "license": [
                "BSD-3-Clause"
            ],
            "authors": [
                {
                    "name": "Ivan Kerin",
                    "email": "ikerin@gmail.com",
                    "homepage": "http://www.openbuildings.com",
                    "role": "Author"
                }
            ],
            "description": "Psr Cache Interfaces and dummy implementation",
            "time": "2014-06-10 07:34:35"
        },
        {
            "name": "guzzle/common",
            "version": "v3.9.1",
            "target-dir": "Guzzle/Common",
            "source": {
                "type": "git",
                "url": "https://github.com/guzzle/common.git",
                "reference": "707428cd8a99486418a66c859777b56194d67d6c"
            },
            "dist": {
                "type": "zip",
                "url": "https://api.github.com/repos/guzzle/common/zipball/707428cd8a99486418a66c859777b56194d67d6c",
                "reference": "707428cd8a99486418a66c859777b56194d67d6c",
                "shasum": ""
            },
            "require": {
                "php": ">=5.3.2",
                "symfony/event-dispatcher": ">=2.1"
            },
            "type": "library",
            "extra": {
                "branch-alias": {
                    "dev-master": "3.7-dev"
                }
            },
            "autoload": {
                "psr-0": {
                    "Guzzle\\Common": ""
                }
            },
            "notification-url": "https://packagist.org/downloads/",
            "license": [
                "MIT"
            ],
            "description": "Common libraries used by Guzzle",
            "homepage": "http://guzzlephp.org/",
            "keywords": [
                "collection",
                "common",
                "event",
                "exception"
            ],
            "time": "2014-05-07 17:04:22"
        },
        {
            "name": "guzzle/http",
            "version": "v3.9.1",
            "target-dir": "Guzzle/Http",
            "source": {
                "type": "git",
                "url": "https://github.com/guzzle/http.git",
                "reference": "222c4e7bccb945c612283d1dd81762f2a20a4efc"
            },
            "dist": {
                "type": "zip",
                "url": "https://api.github.com/repos/guzzle/http/zipball/222c4e7bccb945c612283d1dd81762f2a20a4efc",
                "reference": "222c4e7bccb945c612283d1dd81762f2a20a4efc",
                "shasum": ""
            },
            "require": {
                "guzzle/common": "self.version",
                "guzzle/parser": "self.version",
                "guzzle/stream": "self.version",
                "php": ">=5.3.2"
            },
            "suggest": {
                "ext-curl": "*"
            },
            "type": "library",
            "extra": {
                "branch-alias": {
                    "dev-master": "3.7-dev"
                }
            },
            "autoload": {
                "psr-0": {
                    "Guzzle\\Http": ""
                }
            },
            "notification-url": "https://packagist.org/downloads/",
            "license": [
                "MIT"
            ],
            "authors": [
                {
                    "name": "Michael Dowling",
                    "email": "mtdowling@gmail.com",
                    "homepage": "https://github.com/mtdowling"
                }
            ],
            "description": "HTTP libraries used by Guzzle",
            "homepage": "http://guzzlephp.org/",
            "keywords": [
                "Guzzle",
                "client",
                "curl",
                "http",
                "http client"
            ],
            "time": "2014-05-01 21:56:28"
        },
        {
            "name": "guzzle/parser",
            "version": "v3.9.1",
            "target-dir": "Guzzle/Parser",
            "source": {
                "type": "git",
                "url": "https://github.com/guzzle/parser.git",
                "reference": "6874d171318a8e93eb6d224cf85e4678490b625c"
            },
            "dist": {
                "type": "zip",
                "url": "https://api.github.com/repos/guzzle/parser/zipball/6874d171318a8e93eb6d224cf85e4678490b625c",
                "reference": "6874d171318a8e93eb6d224cf85e4678490b625c",
                "shasum": ""
            },
            "require": {
                "php": ">=5.3.2"
            },
            "type": "library",
            "extra": {
                "branch-alias": {
                    "dev-master": "3.7-dev"
                }
            },
            "autoload": {
                "psr-0": {
                    "Guzzle\\Parser": ""
                }
            },
            "notification-url": "https://packagist.org/downloads/",
            "license": [
                "MIT"
            ],
            "description": "Interchangeable parsers used by Guzzle",
            "homepage": "http://guzzlephp.org/",
            "keywords": [
                "URI Template",
                "cookie",
                "http",
                "message",
                "url"
            ],
            "time": "2014-02-05 18:29:46"
        },
        {
            "name": "guzzle/stream",
            "version": "v3.9.1",
            "target-dir": "Guzzle/Stream",
            "source": {
                "type": "git",
                "url": "https://github.com/guzzle/stream.git",
                "reference": "60c7fed02e98d2c518dae8f97874c8f4622100f0"
            },
            "dist": {
                "type": "zip",
                "url": "https://api.github.com/repos/guzzle/stream/zipball/60c7fed02e98d2c518dae8f97874c8f4622100f0",
                "reference": "60c7fed02e98d2c518dae8f97874c8f4622100f0",
                "shasum": ""
            },
            "require": {
                "guzzle/common": "self.version",
                "php": ">=5.3.2"
            },
            "suggest": {
                "guzzle/http": "To convert Guzzle request objects to PHP streams"
            },
            "type": "library",
            "extra": {
                "branch-alias": {
                    "dev-master": "3.7-dev"
                }
            },
            "autoload": {
                "psr-0": {
                    "Guzzle\\Stream": ""
                }
            },
            "notification-url": "https://packagist.org/downloads/",
            "license": [
                "MIT"
            ],
            "authors": [
                {
                    "name": "Michael Dowling",
                    "email": "mtdowling@gmail.com",
                    "homepage": "https://github.com/mtdowling"
                }
            ],
            "description": "Guzzle stream wrapper component",
            "homepage": "http://guzzlephp.org/",
            "keywords": [
                "Guzzle",
                "component",
                "stream"
            ],
            "time": "2014-05-01 21:36:02"
        },
        {
            "name": "harp-orm/core",
            "version": "dev-master",
            "source": {
                "type": "git",
                "url": "https://github.com/harp-orm/core.git",
                "reference": "9f3829c3efa64e93a02bbdf137945571f58dc0bf"
            },
            "dist": {
                "type": "zip",
                "url": "https://api.github.com/repos/harp-orm/core/zipball/9f3829c3efa64e93a02bbdf137945571f58dc0bf",
                "reference": "9f3829c3efa64e93a02bbdf137945571f58dc0bf",
                "shasum": ""
            },
            "require": {
                "harp-orm/serializer": "dev-master",
                "harp-orm/util": "~0.2.0",
                "harp-orm/validate": "dev-master",
                "php": ">=5.4.0"
            },
            "require-dev": {
                "clippings/env-backup": "~0.2.5",
                "clippings/phpunit-extensions": "dev-master"
            },
            "type": "library",
            "autoload": {
                "psr-4": {
                    "Harp\\Core\\": "src/"
                }
            },
            "license": [
                "BSD-3-Clause"
            ],
            "authors": [
                {
                    "name": "Ivan Kerin",
                    "email": "ikerin@gmail.com",
                    "role": "Author"
                }
            ],
            "description": "DataMapper style ORM Core Componenets",
            "support": {
                "source": "https://github.com/harp-orm/core/tree/master",
                "issues": "https://github.com/harp-orm/core/issues"
            },
            "time": "2014-06-19 20:01:26"
        },
        {
            "name": "harp-orm/harp",
            "version": "dev-master",
            "source": {
                "type": "git",
                "url": "https://github.com/harp-orm/harp.git",
                "reference": "38ee2d5ac47d1c165fc315ceda570ece27a5f209"
            },
            "dist": {
                "type": "zip",
                "url": "https://api.github.com/repos/harp-orm/harp/zipball/38ee2d5ac47d1c165fc315ceda570ece27a5f209",
                "reference": "38ee2d5ac47d1c165fc315ceda570ece27a5f209",
                "shasum": ""
            },
            "require": {
                "harp-orm/core": "dev-master",
                "harp-orm/query": "dev-master",
                "harp-orm/serializer": "dev-master",
                "harp-orm/validate": "dev-master",
                "php": ">=5.4.0",
                "psr/log": "~1.0"
            },
            "type": "library",
            "autoload": {
                "psr-4": {
                    "Harp\\Harp\\": "src/"
                }
            },
            "notification-url": "https://packagist.org/downloads/",
            "license": [
                "BSD-3-Clause"
            ],
            "authors": [
                {
                    "name": "Ivan Kerin",
                    "email": "ikerin@gmail.com",
                    "homepage": "http://www.openbuildings.com",
                    "role": "Author"
                }
            ],
            "description": "Light and Flexible ORM without magic",
            "time": "2014-06-19 14:00:35"
        },
        {
            "name": "harp-orm/money",
            "version": "dev-master",
            "source": {
                "type": "git",
                "url": "https://github.com/harp-orm/money.git",
                "reference": "a163194e7ae35ad166e2246348ea7b435469635b"
            },
            "dist": {
                "type": "zip",
                "url": "https://api.github.com/repos/harp-orm/money/zipball/a163194e7ae35ad166e2246348ea7b435469635b",
                "reference": "a163194e7ae35ad166e2246348ea7b435469635b",
                "shasum": ""
            },
            "require": {
                "clippings/currency-convert": "~0.1",
                "harp-orm/core": "dev-master",
                "harp-orm/harp": "dev-master",
                "harp-orm/query": "dev-master",
                "harp-orm/serializer": "dev-master",
                "harp-orm/validate": "dev-master",
                "php": ">=5.4.0"
            },
            "type": "library",
            "autoload": {
                "psr-4": {
                    "Harp\\Money\\": "src/"
                }
            },
            "notification-url": "https://packagist.org/downloads/",
            "license": [
                "BSD-3-Clause"
            ],
            "authors": [
                {
                    "name": "Ivan Kerin",
                    "email": "ikerin@gmail.com",
                    "homepage": "http://www.openbuildings.com",
                    "role": "Author"
                }
            ],
            "description": "Helper Traits for Sebastian Bergmann's Money",
            "time": "2014-06-20 08:22:36"
        },
        {
            "name": "harp-orm/query",
            "version": "dev-master",
            "source": {
                "type": "git",
                "url": "https://github.com/harp-orm/query.git",
                "reference": "df6e9aff0cda469d3d599a2cfa3b14236d51ae8f"
            },
            "dist": {
                "type": "zip",
                "url": "https://api.github.com/repos/harp-orm/query/zipball/df6e9aff0cda469d3d599a2cfa3b14236d51ae8f",
                "reference": "df6e9aff0cda469d3d599a2cfa3b14236d51ae8f",
                "shasum": ""
            },
            "require": {
                "php": ">=5.3.0",
                "psr/log": "~1.0"
            },
            "require-dev": {
                "clippings/env-backup": "~0.2.4"
            },
            "type": "library",
            "autoload": {
                "psr-4": {
                    "Harp\\Query\\": "src/"
                }
            },
            "notification-url": "https://packagist.org/downloads/",
            "license": [
                "BSD-3-Clause"
            ],
            "authors": [
                {
                    "name": "Ivan Kerin",
                    "email": "ikerin@gmail.com",
                    "homepage": "http://www.openbuildings.com",
                    "role": "Author"
                },
                {
                    "name": "Haralan Dobrev",
                    "email": "hkdobrev@gmail.com",
                    "homepage": "http://hkdobrev.blogspot.com",
                    "role": "Developer"
                }
            ],
            "description": "SQL Builder for PDO",
            "time": "2014-06-02 15:45:36"
        },
        {
            "name": "harp-orm/serializer",
            "version": "dev-master",
            "source": {
                "type": "git",
                "url": "https://github.com/harp-orm/serializer.git",
                "reference": "da593dadbaa20a852ac3004428ecbc4aea5cedb2"
            },
            "dist": {
                "type": "zip",
                "url": "https://api.github.com/repos/harp-orm/serializer/zipball/da593dadbaa20a852ac3004428ecbc4aea5cedb2",
                "reference": "da593dadbaa20a852ac3004428ecbc4aea5cedb2",
                "shasum": ""
            },
            "type": "library",
            "autoload": {
                "psr-4": {
                    "Harp\\Serializer\\": "src/"
                }
            },
            "notification-url": "https://packagist.org/downloads/",
            "license": [
                "BSD-3-Clause"
            ],
            "authors": [
                {
                    "name": "Ivan Kerin",
                    "email": "ikerin@gmail.com",
                    "homepage": "http://www.openbuildings.com",
                    "role": "Author"
                }
            ],
            "description": "Serialize object properties",
            "time": "2014-06-19 13:51:49"
        },
        {
            "name": "harp-orm/util",
            "version": "0.2.1",
            "source": {
                "type": "git",
                "url": "https://github.com/harp-orm/util.git",
                "reference": "66de94b09e584b00d1a67090e72f0e31454fab15"
            },
            "dist": {
                "type": "zip",
                "url": "https://api.github.com/repos/harp-orm/util/zipball/66de94b09e584b00d1a67090e72f0e31454fab15",
                "reference": "66de94b09e584b00d1a67090e72f0e31454fab15",
                "shasum": ""
            },
            "type": "library",
            "autoload": {
                "psr-4": {
                    "Harp\\Util\\": "src/"
                }
            },
            "notification-url": "https://packagist.org/downloads/",
            "license": [
                "BSD-3-Clause"
            ],
            "authors": [
                {
                    "name": "Ivan Kerin",
                    "email": "ikerin@gmail.com",
                    "homepage": "http://www.openbuildings.com",
                    "role": "Author"
                }
            ],
            "description": "General purpose helper methods",
            "time": "2014-06-12 07:03:18"
        },
        {
            "name": "harp-orm/validate",
            "version": "dev-master",
            "source": {
                "type": "git",
                "url": "https://github.com/harp-orm/validate.git",
                "reference": "5b6a4de23592ddfa9ff337bbd12ce41c44d6529a"
            },
            "dist": {
                "type": "zip",
                "url": "https://api.github.com/repos/harp-orm/validate/zipball/5b6a4de23592ddfa9ff337bbd12ce41c44d6529a",
                "reference": "5b6a4de23592ddfa9ff337bbd12ce41c44d6529a",
                "shasum": ""
            },
            "type": "library",
            "autoload": {
                "psr-4": {
                    "Harp\\Validate\\": "src/"
                }
            },
            "license": [
                "BSD-3-Clause"
            ],
            "authors": [
                {
                    "name": "Ivan Kerin",
                    "email": "ikerin@gmail.com",
                    "role": "Author"
                }
            ],
            "description": "Object validaiton library",
            "support": {
                "source": "https://github.com/harp-orm/validate/tree/master",
                "issues": "https://github.com/harp-orm/validate/issues"
            },
            "time": "2014-06-19 20:06:24"
        },
        {
            "name": "omnipay/common",
            "version": "v2.3.0",
            "source": {
                "type": "git",
                "url": "https://github.com/omnipay/common.git",
                "reference": "f7d50ce82f3528e7402500d8722391ebb69070b8"
            },
            "dist": {
                "type": "zip",
                "url": "https://api.github.com/repos/omnipay/common/zipball/f7d50ce82f3528e7402500d8722391ebb69070b8",
                "reference": "f7d50ce82f3528e7402500d8722391ebb69070b8",
                "shasum": ""
            },
            "require": {
                "guzzle/http": "~3.1",
                "php": ">=5.3.2",
                "symfony/http-foundation": "~2.1"
            },
            "require-dev": {
                "omnipay/tests": "~2.0"
            },
            "type": "library",
            "extra": {
                "branch-alias": {
                    "dev-master": "2.0.x-dev"
                },
                "gateways": [
                    "AuthorizeNet_AIM",
                    "AuthorizeNet_SIM",
                    "Buckaroo",
                    "Buckaroo_Ideal",
                    "Buckaroo_PayPal",
                    "CardSave",
                    "Coinbase",
                    "Dummy",
                    "Eway_Rapid",
                    "FirstData_Connect",
                    "GoCardless",
                    "Manual",
                    "Migs_ThreeParty",
                    "Migs_TwoParty",
                    "Mollie",
                    "MultiSafepay",
                    "Netaxept",
                    "NetBanx",
                    "PayFast",
                    "Payflow_Pro",
                    "PaymentExpress_PxPay",
                    "PaymentExpress_PxPost",
                    "PayPal_Express",
                    "PayPal_Pro",
                    "Pin",
                    "SagePay_Direct",
                    "SagePay_Server",
                    "SecurePay_DirectPost",
                    "Stripe",
                    "TargetPay_Directebanking",
                    "TargetPay_Ideal",
                    "TargetPay_Mrcash",
                    "TwoCheckout",
                    "WorldPay"
                ]
            },
            "autoload": {
                "psr-0": {
                    "Omnipay\\Common\\": "src/"
                },
                "classmap": [
                    "src/Omnipay/Omnipay.php"
                ]
            },
            "notification-url": "https://packagist.org/downloads/",
            "license": [
                "MIT"
            ],
            "authors": [
                {
                    "name": "Adrian Macneil",
                    "email": "adrian@adrianmacneil.com"
                },
                {
                    "name": "Omnipay Contributors",
                    "homepage": "https://github.com/omnipay/common/contributors"
                }
            ],
            "description": "Common components for Omnipay payment processing library",
            "homepage": "https://github.com/omnipay/common",
            "keywords": [
                "gateway",
                "merchant",
                "omnipay",
                "pay",
                "payment",
                "purchase"
            ],
            "time": "2014-05-12 00:54:17"
        },
        {
            "name": "omnipay/dummy",
            "version": "v2.1.0",
            "source": {
                "type": "git",
                "url": "https://github.com/omnipay/dummy.git",
                "reference": "56044c0c1a601ecb575ff4876328af0a49ce938b"
            },
            "dist": {
                "type": "zip",
                "url": "https://api.github.com/repos/omnipay/dummy/zipball/56044c0c1a601ecb575ff4876328af0a49ce938b",
                "reference": "56044c0c1a601ecb575ff4876328af0a49ce938b",
                "shasum": ""
            },
            "require": {
                "omnipay/common": "~2.0"
            },
            "require-dev": {
                "omnipay/tests": "~2.0"
            },
            "type": "library",
            "extra": {
                "branch-alias": {
                    "dev-master": "2.0.x-dev"
                }
            },
            "autoload": {
                "psr-4": {
                    "Omnipay\\Dummy\\": "src/"
                }
            },
            "notification-url": "https://packagist.org/downloads/",
            "license": [
                "MIT"
            ],
            "authors": [
                {
                    "name": "Adrian Macneil",
                    "email": "adrian@adrianmacneil.com"
                },
                {
                    "name": "Omnipay Contributors",
                    "homepage": "https://github.com/omnipay/dummy/contributors"
                }
            ],
            "description": "Dummy driver for the Omnipay payment processing library",
            "homepage": "https://github.com/omnipay/dummy",
            "keywords": [
                "Dummy",
                "gateway",
                "merchant",
                "omnipay",
                "pay",
                "payment"
            ],
            "time": "2014-04-14 11:25:19"
        },
        {
            "name": "psr/log",
            "version": "1.0.0",
            "source": {
                "type": "git",
                "url": "https://github.com/php-fig/log.git",
                "reference": "fe0936ee26643249e916849d48e3a51d5f5e278b"
            },
            "dist": {
                "type": "zip",
                "url": "https://api.github.com/repos/php-fig/log/zipball/fe0936ee26643249e916849d48e3a51d5f5e278b",
                "reference": "fe0936ee26643249e916849d48e3a51d5f5e278b",
                "shasum": ""
            },
            "type": "library",
            "autoload": {
                "psr-0": {
                    "Psr\\Log\\": ""
                }
            },
            "notification-url": "https://packagist.org/downloads/",
            "license": [
                "MIT"
            ],
            "authors": [
                {
                    "name": "PHP-FIG",
                    "homepage": "http://www.php-fig.org/"
                }
            ],
            "description": "Common interface for logging libraries",
            "keywords": [
                "log",
                "psr",
                "psr-3"
            ],
            "time": "2012-12-21 11:40:51"
        },
        {
            "name": "sebastian/money",
            "version": "v1.3.0",
            "source": {
                "type": "git",
                "url": "https://github.com/sebastianbergmann/money.git",
                "reference": "443b1aa8ff1e52f130febb47216862e91e18cda0"
            },
            "dist": {
                "type": "zip",
                "url": "https://api.github.com/repos/sebastianbergmann/money/zipball/443b1aa8ff1e52f130febb47216862e91e18cda0",
                "reference": "443b1aa8ff1e52f130febb47216862e91e18cda0",
                "shasum": ""
            },
            "require": {
                "ext-intl": "*",
                "php": ">=5.3.3"
            },
            "type": "library",
            "extra": {
                "branch-alias": {
                    "dev-master": "1.2.x-dev"
                }
            },
            "autoload": {
                "classmap": [
                    "src/"
                ]
            },
            "notification-url": "https://packagist.org/downloads/",
            "license": [
                "BSD-3-Clause"
            ],
            "authors": [
                {
                    "name": "Sebastian Bergmann",
                    "email": "sebastian@phpunit.de",
                    "role": "lead"
                }
            ],
            "description": "Value Object that represents a monetary value (using a currency's smallest unit)",
            "homepage": "http://www.github.com/sebastianbergmann/money",
            "keywords": [
                "money"
            ],
            "time": "2013-11-13 13:55:24"
        },
        {
            "name": "symfony/event-dispatcher",
            "version": "v2.5.0",
            "target-dir": "Symfony/Component/EventDispatcher",
            "source": {
                "type": "git",
                "url": "https://github.com/symfony/EventDispatcher.git",
                "reference": "cb62ec8dd05893fc8e4f0e6e21e326e1fc731fe8"
            },
            "dist": {
                "type": "zip",
                "url": "https://api.github.com/repos/symfony/EventDispatcher/zipball/cb62ec8dd05893fc8e4f0e6e21e326e1fc731fe8",
                "reference": "cb62ec8dd05893fc8e4f0e6e21e326e1fc731fe8",
                "shasum": ""
            },
            "require": {
                "php": ">=5.3.3"
            },
            "require-dev": {
                "psr/log": "~1.0",
                "symfony/config": "~2.0",
                "symfony/dependency-injection": "~2.0",
                "symfony/stopwatch": "~2.2"
            },
            "suggest": {
                "symfony/dependency-injection": "",
                "symfony/http-kernel": ""
            },
            "type": "library",
            "extra": {
                "branch-alias": {
                    "dev-master": "2.5-dev"
                }
            },
            "autoload": {
                "psr-0": {
                    "Symfony\\Component\\EventDispatcher\\": ""
                }
            },
            "notification-url": "https://packagist.org/downloads/",
            "license": [
                "MIT"
            ],
            "authors": [
                {
                    "name": "Fabien Potencier",
                    "email": "fabien@symfony.com",
                    "homepage": "http://fabien.potencier.org",
                    "role": "Lead Developer"
                },
                {
                    "name": "Symfony Community",
                    "homepage": "http://symfony.com/contributors"
                }
            ],
            "description": "Symfony EventDispatcher Component",
            "homepage": "http://symfony.com",
            "time": "2014-04-29 10:13:57"
        },
        {
            "name": "symfony/http-foundation",
            "version": "v2.5.0",
            "target-dir": "Symfony/Component/HttpFoundation",
            "source": {
                "type": "git",
                "url": "https://github.com/symfony/HttpFoundation.git",
                "reference": "044085422005aa3258fb3f710a7bf0202011f259"
            },
            "dist": {
                "type": "zip",
                "url": "https://api.github.com/repos/symfony/HttpFoundation/zipball/044085422005aa3258fb3f710a7bf0202011f259",
                "reference": "044085422005aa3258fb3f710a7bf0202011f259",
                "shasum": ""
            },
            "require": {
                "php": ">=5.3.3"
            },
            "require-dev": {
                "symfony/expression-language": "~2.4"
            },
            "type": "library",
            "extra": {
                "branch-alias": {
                    "dev-master": "2.5-dev"
                }
            },
            "autoload": {
                "psr-0": {
                    "Symfony\\Component\\HttpFoundation\\": ""
                },
                "classmap": [
                    "Symfony/Component/HttpFoundation/Resources/stubs"
                ]
            },
            "notification-url": "https://packagist.org/downloads/",
            "license": [
                "MIT"
            ],
            "authors": [
                {
                    "name": "Fabien Potencier",
                    "email": "fabien@symfony.com",
                    "homepage": "http://fabien.potencier.org",
                    "role": "Lead Developer"
                },
                {
                    "name": "Symfony Community",
                    "homepage": "http://symfony.com/contributors"
                }
            ],
            "description": "Symfony HttpFoundation Component",
            "homepage": "http://symfony.com",
            "time": "2014-05-26 19:02:40"
        }
    ],
    "packages-dev": [

    ],
    "aliases": [

    ],
    "minimum-stability": "stable",
    "stability-flags": {
        "harp-orm/harp": 20,
        "harp-orm/query": 20,
        "harp-orm/validate": 20,
        "harp-orm/serializer": 20,
        "harp-orm/money": 20,
        "harp-orm/core": 20
    },
    "platform": {
        "php": ">=5.4.0"
    },
    "platform-dev": [

    ]
}
